<?xml version="1.0" encoding="utf-8"?>
<Project ToolsVersion="4.0" xmlns="http://schemas.microsoft.com/developer/msbuild/2003">
  <ItemGroup>
    <Filter Include="Source Files">
      <UniqueIdentifier>{4FC737F1-C7A5-4376-A066-2A32D752A2FF}</UniqueIdentifier>
      <Extensions>cpp;c;cc;cxx;def;odl;idl;hpj;bat;asm;asmx</Extensions>
    </Filter>
    <Filter Include="Header Files">
      <UniqueIdentifier>{93995380-89BD-4b04-88EB-625FBE52EBFB}</UniqueIdentifier>
      <Extensions>h;hh;hpp;hxx;hm;inl;inc;xsd</Extensions>
    </Filter>
    <Filter Include="Resource Files">
      <UniqueIdentifier>{67DA6AB6-F800-4c08-8B7A-83BB121AAD01}</UniqueIdentifier>
      <Extensions>rc;ico;cur;bmp;dlg;rc2;rct;bin;rgs;gif;jpg;jpeg;jpe;resx;tiff;tif;png;wav;mfcribbon-ms</Extensions>
    </Filter>
    <Filter Include="Header Files\Linkedin">
      <UniqueIdentifier>{41da9270-6081-4318-b3ff-41c909a3e883}</UniqueIdentifier>
    </Filter>
    <Filter Include="Header Files\Google">
      <UniqueIdentifier>{ce32ecd6-d9c8-44a9-8459-79aaf6d9c95e}</UniqueIdentifier>
    </Filter>
    <Filter Include="Header Files\Design">
      <UniqueIdentifier>{b0c403b3-a8fa-4e88-834e-66834307bc34}</UniqueIdentifier>
    </Filter>
    <Filter Include="Bloomberg">
      <UniqueIdentifier>{f7406739-c832-40a7-84c0-e3a6947224a7}</UniqueIdentifier>
    </Filter>
    <Filter Include="Header Files\Bloomberg">
      <UniqueIdentifier>{f136fca0-c8f5-4ab2-a576-bf87e97cc9a7}</UniqueIdentifier>
    </Filter>
    <Filter Include="Header Files\hulu">
      <UniqueIdentifier>{fd8cd7bf-8ea6-4ec9-8a3c-bf33d89a2181}</UniqueIdentifier>
    </Filter>
  </ItemGroup>
  <ItemGroup>
    <ClCompile Include="main.cpp">
      <Filter>Source Files</Filter>
    </ClCompile>
  </ItemGroup>
  <ItemGroup>
    <ClInclude Include="henry.h">
      <Filter>Header Files</Filter>
    </ClInclude>
    <ClInclude Include="208_Implement_Trie_Prefix_Tree.h">
      <Filter>Header Files</Filter>
    </ClInclude>
    <ClInclude Include="391. Perfect Rectangle.h">
      <Filter>Header Files</Filter>
    </ClInclude>
    <ClInclude Include="394. Decode String.h">
      <Filter>Header Files</Filter>
    </ClInclude>
    <ClInclude Include="bzoj1090.h">
      <Filter>Header Files</Filter>
    </ClInclude>
    <ClInclude Include="94. Binary Tree Inorder Traversal.h">
      <Filter>Header Files</Filter>
    </ClInclude>
    <ClInclude Include="230. Kth Smallest Element in a BST.h">
      <Filter>Header Files</Filter>
    </ClInclude>
    <ClInclude Include="99. Recover Binary Search Tree.h">
      <Filter>Header Files</Filter>
    </ClInclude>
    <ClInclude Include="388. Longest Absolute File Path.h">
      <Filter>Header Files</Filter>
    </ClInclude>
    <ClInclude Include="307. Range Sum Query - Mutable.h">
      <Filter>Header Files</Filter>
    </ClInclude>
    <ClInclude Include="208. Implement Trie (Prefix Tree).h">
      <Filter>Header Files</Filter>
    </ClInclude>
    <ClInclude Include="425. Word Squares.h">
      <Filter>Header Files</Filter>
    </ClInclude>
    <ClInclude Include="422. Valid Word Square.h">
      <Filter>Header Files</Filter>
    </ClInclude>
    <ClInclude Include="42. Trapping Rain Water.h">
      <Filter>Header Files</Filter>
    </ClInclude>
    <ClInclude Include="407. Trapping Rain Water II.h">
      <Filter>Header Files</Filter>
    </ClInclude>
    <ClInclude Include="ksum.h">
      <Filter>Header Files</Filter>
    </ClInclude>
    <ClInclude Include="HDU 1254.h">
      <Filter>Header Files</Filter>
    </ClInclude>
    <ClInclude Include="361. Bomb Enemy.h">
      <Filter>Header Files</Filter>
    </ClInclude>
    <ClInclude Include="214. Shortest Palindrome.h">
      <Filter>Header Files</Filter>
    </ClInclude>
    <ClInclude Include="65. Valid Number.h">
      <Filter>Header Files</Filter>
    </ClInclude>
    <ClInclude Include="lnkd_addinterval.h">
      <Filter>Header Files\Linkedin</Filter>
    </ClInclude>
    <ClInclude Include="68. Text Justification.h">
      <Filter>Header Files</Filter>
    </ClInclude>
    <ClInclude Include="254. Factor Combinations.h">
      <Filter>Header Files</Filter>
    </ClInclude>
    <ClInclude Include="lnkd_midstack.h">
      <Filter>Header Files\Linkedin</Filter>
    </ClInclude>
    <ClInclude Include="is_intersected.h">
      <Filter>Header Files\Linkedin</Filter>
    </ClInclude>
    <ClInclude Include="serialize_tree.h">
      <Filter>Header Files\Linkedin</Filter>
    </ClInclude>
    <ClInclude Include="KNN.h">
      <Filter>Header Files\Linkedin</Filter>
    </ClInclude>
    <ClInclude Include="gg_findmaxwith1flip.h">
      <Filter>Header Files\Google</Filter>
    </ClInclude>
    <ClInclude Include="gg_intrange.h">
      <Filter>Header Files\Google</Filter>
    </ClInclude>
    <ClInclude Include="IndexMaxPQ.h">
      <Filter>Header Files</Filter>
    </ClInclude>
    <ClInclude Include="skiplist.h">
      <Filter>Header Files</Filter>
    </ClInclude>
    <ClInclude Include="minwindowsub.h">
      <Filter>Header Files</Filter>
    </ClInclude>
    <ClInclude Include="149.h">
      <Filter>Header Files</Filter>
    </ClInclude>
    <ClInclude Include="BoundedBlockingQueue.h">
      <Filter>Header Files\Linkedin</Filter>
    </ClInclude>
    <ClInclude Include="deadlock.h">
      <Filter>Header Files\Linkedin</Filter>
    </ClInclude>
    <ClInclude Include="34. Search for a Range.h">
      <Filter>Header Files\Linkedin</Filter>
    </ClInclude>
    <ClInclude Include="h2o.h">
      <Filter>Header Files\Linkedin</Filter>
    </ClInclude>
    <ClInclude Include="allLPS.h">
      <Filter>Header Files\Linkedin</Filter>
    </ClInclude>
    <ClInclude Include="print_matrix.h">
      <Filter>Header Files\Linkedin</Filter>
    </ClInclude>
    <ClInclude Include="68.h">
      <Filter>Header Files\Linkedin</Filter>
    </ClInclude>
    <ClInclude Include="calendar.h">
      <Filter>Header Files\Design</Filter>
    </ClInclude>
    <ClInclude Include="DelayQueue.h">
      <Filter>Header Files\Linkedin</Filter>
    </ClInclude>
    <ClInclude Include="maxstack.h">
      <Filter>Header Files\Linkedin</Filter>
    </ClInclude>
    <ClInclude Include="justifytextline.h">
      <Filter>Bloomberg</Filter>
    </ClInclude>
    <ClInclude Include="hangman.h">
      <Filter>Header Files\Linkedin</Filter>
    </ClInclude>
    <ClInclude Include="lfu.h">
      <Filter>Header Files</Filter>
    </ClInclude>
    <ClInclude Include="MultiDimensionArray.h">
      <Filter>Header Files\Linkedin</Filter>
    </ClInclude>
    <ClInclude Include="encode_list_with_dups.h">
      <Filter>Header Files\Bloomberg</Filter>
    </ClInclude>
    <ClInclude Include="K-th Smallest in Lexicographical Order.h">
      <Filter>Header Files\hulu</Filter>
    </ClInclude>
    <ClInclude Include="binarytree.h">
      <Filter>Header Files</Filter>
    </ClInclude>
    <ClInclude Include="blowoff_leaf.h">
      <Filter>Bloomberg</Filter>
    </ClInclude>
    <ClInclude Include="segregate_even_odd_ll.h">
      <Filter>Header Files\Bloomberg</Filter>
    </ClInclude>
    <ClInclude Include="ll.h">
      <Filter>Header Files\Bloomberg</Filter>
    </ClInclude>
    <ClInclude Include="knighttour.h">
      <Filter>Header Files\Bloomberg</Filter>
    </ClInclude>
    <ClInclude Include="dup.h">
      <Filter>Header Files\Bloomberg</Filter>
    </ClInclude>
    <ClInclude Include="concurrent_hashmap.h">
      <Filter>Header Files\Linkedin</Filter>
    </ClInclude>
    <ClInclude Include="comb_sum.h">
      <Filter>Header Files\Linkedin</Filter>
    </ClInclude>
    <ClInclude Include="kangaroos.h">
      <Filter>Header Files</Filter>
    </ClInclude>
    <ClInclude Include="sparsematrix.h">
      <Filter>Header Files</Filter>
    </ClInclude>
    <ClInclude Include="reverse_string.h">
      <Filter>Header Files\Linkedin</Filter>
    </ClInclude>
    <ClInclude Include="winner_tree.h">
      <Filter>Header Files\Linkedin</Filter>
    </ClInclude>
    <ClInclude Include="canPlaceFlower.h">
      <Filter>Header Files\Linkedin</Filter>
    </ClInclude>
    <ClInclude Include="frequent_element.h">
      <Filter>Header Files</Filter>
    </ClInclude>
    <ClInclude Include="reliterator.h">
      <Filter>Header Files</Filter>
    </ClInclude>
    <ClInclude Include="avl.h">
      <Filter>Header Files</Filter>
    </ClInclude>
    <ClInclude Include="shortest_non_substring.h">
      <Filter>Header Files</Filter>
    </ClInclude>
  </ItemGroup>
</Project>